
Microsoft Visual Studio Solution File, Format Version 12.00
# Visual Studio 14
VisualStudioVersion = 14.0.25420.1
MinimumVisualStudioVersion = 10.0.40219.1
Project("{FAE04EC0-301F-11D3-BF4B-00C04F79EFBC}") = "BizTalkTestingSolution", "BizTalkTestingSolution\BizTalkTestingSolution.btproj", "{D1B7DE73-A8FA-4EC9-A46D-7CCBF6EF22DD}"
EndProject
Global
	GlobalSection(SolutionConfigurationPlatforms) = preSolution
		Debug|Any CPU = Debug|Any CPU
		Release|Any CPU = Release|Any CPU
	EndGlobalSection
	GlobalSection(ProjectConfigurationPlatforms) = postSolution
		{D1B7DE73-A8FA-4EC9-A46D-7CCBF6EF22DD}.Debug|Any CPU.ActiveCfg = Debug|Any CPU
		{D1B7DE73-A8FA-4EC9-A46D-7CCBF6EF22DD}.Debug|Any CPU.Build.0 = Debug|Any CPU
		{D1B7DE73-A8FA-4EC9-A46D-7CCBF6EF22DD}.Debug|Any CPU.Deploy.0 = Debug|Any CPU
		{D1B7DE73-A8FA-4EC9-A46D-7CCBF6EF22DD}.Release|Any CPU.ActiveCfg = Release|Any CPU
		{D1B7DE73-A8FA-4EC9-A46D-7CCBF6EF22DD}.Release|Any CPU.Build.0 = Release|Any CPU
		{D1B7DE73-A8FA-4EC9-A46D-7CCBF6EF22DD}.Release|Any CPU.Deploy.0 = Release|Any CPU
	EndGlobalSection
	GlobalSection(SolutionProperties) = preSolution
		HideSolutionNode = FALSE
	EndGlobalSection
EndGlobal
